<?xml version="1.0" encoding="utf-8"?>
<Project ToolsVersion="4.0" xmlns="http://schemas.microsoft.com/developer/msbuild/2003">
  <ItemGroup>
    <Filter Include="Source Files">
      <UniqueIdentifier>{4FC737F1-C7A5-4376-A066-2A32D752A2FF}</UniqueIdentifier>
      <Extensions>cpp;c;cc;cxx;def;odl;idl;hpj;bat;asm;asmx</Extensions>
    </Filter>
    <Filter Include="Header Files">
      <UniqueIdentifier>{93995380-89BD-4b04-88EB-625FBE52EBFB}</UniqueIdentifier>
      <Extensions>h;hh;hpp;hxx;hm;inl;inc;xsd</Extensions>
    </Filter>
    <Filter Include="Resource Files">
      <UniqueIdentifier>{67DA6AB6-F800-4c08-8B7A-83BB121AAD01}</UniqueIdentifier>
      <Extensions>rc;ico;cur;bmp;dlg;rc2;rct;bin;rgs;gif;jpg;jpeg;jpe;resx;tiff;tif;png;wav;mfcribbon-ms</Extensions>
    </Filter>
  </ItemGroup>
  <ItemGroup>
    <ClInclude Include="cPerson.h">
      <Filter>Header Files</Filter>
    </ClInclude>
    <ClInclude Include="iPersonMotron.h">
      <Filter>Header Files</Filter>
    </ClInclude>
    <ClInclude Include="Support.h">
      <Filter>Header Files</Filter>
    </ClInclude>
    <ClInclude Include="StandardVector.h">
      <Filter>Header Files</Filter>
    </ClInclude>
    <ClInclude Include="StandardList.h">
      <Filter>Header Files</Filter>
    </ClInclude>
    <ClInclude Include="StandardMap.h">
      <Filter>Header Files</Filter>
    </ClInclude>
    <ClInclude Include="DIYVector.h">
      <Filter>Header Files</Filter>
    </ClInclude>
    <ClInclude Include="DIYVectorDEF.h">
      <Filter>Header Files</Filter>
    </ClInclude>
    <ClInclude Include="DIYList.h">
      <Filter>Header Files</Filter>
    </ClInclude>
    <ClInclude Include="DIYListDEF.h">
      <Filter>Header Files</Filter>
    </ClInclude>
    <ClInclude Include="DIYMap.h">
      <Filter>Header Files</Filter>
    </ClInclude>
    <ClInclude Include="DIYMapDEF.h">
      <Filter>Header Files</Filter>
    </ClInclude>
  </ItemGroup>
  <ItemGroup>
    <ClCompile Include="BasicLoader.cpp">
      <Filter>Source Files</Filter>
    </ClCompile>
    <ClCompile Include="TheMain.cpp">
      <Filter>Source Files</Filter>
    </ClCompile>
    <ClCompile Include="Support.cpp">
      <Filter>Source Files</Filter>
    </ClCompile>
    <ClCompile Include="StandardVector.cpp">
      <Filter>Source Files</Filter>
    </ClCompile>
    <ClCompile Include="StandardList.cpp">
      <Filter>Source Files</Filter>
    </ClCompile>
    <ClCompile Include="StandardMap.cpp">
      <Filter>Source Files</Filter>
    </ClCompile>
    <ClCompile Include="DIYVector.cpp">
      <Filter>Source Files</Filter>
    </ClCompile>
    <ClCompile Include="DIYList.cpp">
      <Filter>Source Files</Filter>
    </ClCompile>
    <ClCompile Include="DIYMap.cpp">
      <Filter>Source Files</Filter>
    </ClCompile>
  </ItemGroup>
</Project>